{
    "_readme": [
        "This file locks the dependencies of your project to a known state",
        "Read more about it at https://getcomposer.org/doc/01-basic-usage.md#composer-lock-the-lock-file",
        "This file is @generated automatically"
    ],
    "content-hash": "4354da1b5acca3a4f5b7b8f5d544d7a7",
    "packages": [
        {
            "name": "matto1990/lastfm-api",
            "version": "v1.5.1",
            "source": {
                "type": "git",
                "url": "https://github.com/mattoakesnet/PHP-Last.fm-API.git",
                "reference": "a5a5240fd8c4260b72fd83d832a3e9e991284884"
            },
            "dist": {
                "type": "zip",
                "url": "https://api.github.com/repos/mattoakesnet/PHP-Last.fm-API/zipball/a5a5240fd8c4260b72fd83d832a3e9e991284884",
                "reference": "a5a5240fd8c4260b72fd83d832a3e9e991284884",
                "shasum": ""
            },
            "require": {
                "php": ">=5.3.3"
            },
            "require-dev": {
                "php": ">=5.3.3",
                "phpunit/phpunit": "~4.8",
                "vlucas/phpdotenv": "*"
            },
            "type": "library",
            "autoload": {
                "psr-4": {
                    "LastFmApi\\": "src/lastfmapi/",
                    "Tests\\": "tests"
                }
            },
            "notification-url": "https://packagist.org/downloads/",
            "license": [
                "MIT"
            ],
            "authors": [
                {
                    "name": "Marcos",
                    "email": "devilcius@gmail.com"
                },
                {
                    "name": "Matt",
                    "email": "matt@oakes.ws"
                }
            ],
            "description": "Last.fm webservice client",
            "homepage": "https://github.com/matto1990/PHP-Last.fm-API",
            "keywords": [
                "api",
                "last.fm",
                "webservice client"
            ],
            "time": "2017-04-25T15:49:13+00:00"
        }
    ],
    "packages-dev": [],
    "aliases": [],
    "minimum-stability": "stable",
    "stability-flags": [],
    "prefer-stable": false,
    "prefer-lowest": false,
    "platform": [],
    "platform-dev": []
}
